// !$*UTF8*$!
{
	archiveVersion = 1;
	classes = {
	};
	objectVersion = 55;
	objects = {

/* Begin PBXBuildFile section */
		EA4EF6882945DB3B008B4E90 /* Africa_appApp.swift in Sources */ = {isa = PBXBuildFile; fileRef = EA4EF6872945DB3B008B4E90 /* Africa_appApp.swift */; };
		EA4EF68A2945DB3B008B4E90 /* ContentView.swift in Sources */ = {isa = PBXBuildFile; fileRef = EA4EF6892945DB3B008B4E90 /* ContentView.swift */; };
		EA4EF68C2945DB3D008B4E90 /* Assets.xcassets in Resources */ = {isa = PBXBuildFile; fileRef = EA4EF68B2945DB3D008B4E90 /* Assets.xcassets */; };
		EA4EF68F2945DB3D008B4E90 /* Preview Assets.xcassets in Resources */ = {isa = PBXBuildFile; fileRef = EA4EF68E2945DB3D008B4E90 /* Preview Assets.xcassets */; };
		EA4EF6A12945E5F9008B4E90 /* giraffe.mp4 in Resources */ = {isa = PBXBuildFile; fileRef = EA4EF6972945E5F9008B4E90 /* giraffe.mp4 */; };
		EA4EF6A22945E5F9008B4E90 /* ostrich.mp4 in Resources */ = {isa = PBXBuildFile; fileRef = EA4EF6982945E5F9008B4E90 /* ostrich.mp4 */; };
		EA4EF6A32945E5F9008B4E90 /* cheetah.mp4 in Resources */ = {isa = PBXBuildFile; fileRef = EA4EF6992945E5F9008B4E90 /* cheetah.mp4 */; };
		EA4EF6A42945E5F9008B4E90 /* elephant.mp4 in Resources */ = {isa = PBXBuildFile; fileRef = EA4EF69A2945E5F9008B4E90 /* elephant.mp4 */; };
		EA4EF6A52945E5F9008B4E90 /* zebra.mp4 in Resources */ = {isa = PBXBuildFile; fileRef = EA4EF69B2945E5F9008B4E90 /* zebra.mp4 */; };
		EA4EF6A62945E5F9008B4E90 /* hippo.mp4 in Resources */ = {isa = PBXBuildFile; fileRef = EA4EF69C2945E5F9008B4E90 /* hippo.mp4 */; };
		EA4EF6A72945E5F9008B4E90 /* rhino.mp4 in Resources */ = {isa = PBXBuildFile; fileRef = EA4EF69D2945E5F9008B4E90 /* rhino.mp4 */; };
		EA4EF6A82945E5F9008B4E90 /* gorilla.mp4 in Resources */ = {isa = PBXBuildFile; fileRef = EA4EF69E2945E5F9008B4E90 /* gorilla.mp4 */; };
		EA4EF6A92945E5F9008B4E90 /* lioness.mp4 in Resources */ = {isa = PBXBuildFile; fileRef = EA4EF69F2945E5F9008B4E90 /* lioness.mp4 */; };
		EA4EF6AA2945E5F9008B4E90 /* lion.mp4 in Resources */ = {isa = PBXBuildFile; fileRef = EA4EF6A02945E5F9008B4E90 /* lion.mp4 */; };
		EA4EF6B02945E709008B4E90 /* animals.json in Resources */ = {isa = PBXBuildFile; fileRef = EA4EF6AC2945E709008B4E90 /* animals.json */; };
		EA4EF6B12945E709008B4E90 /* locations.json in Resources */ = {isa = PBXBuildFile; fileRef = EA4EF6AD2945E709008B4E90 /* locations.json */; };
		EA4EF6B22945E709008B4E90 /* covers.json in Resources */ = {isa = PBXBuildFile; fileRef = EA4EF6AE2945E709008B4E90 /* covers.json */; };
		EA4EF6B32945E709008B4E90 /* videos.json in Resources */ = {isa = PBXBuildFile; fileRef = EA4EF6AF2945E709008B4E90 /* videos.json */; };
		EA4EF6B72945E9D0008B4E90 /* VideoListView.swift in Sources */ = {isa = PBXBuildFile; fileRef = EA4EF6B62945E9D0008B4E90 /* VideoListView.swift */; };
		EA4EF6B92945EA10008B4E90 /* MapView.swift in Sources */ = {isa = PBXBuildFile; fileRef = EA4EF6B82945EA10008B4E90 /* MapView.swift */; };
		EA4EF6BB2945EA20008B4E90 /* GalleryView.swift in Sources */ = {isa = PBXBuildFile; fileRef = EA4EF6BA2945EA20008B4E90 /* GalleryView.swift */; };
		EA4EF6BD2945EA2E008B4E90 /* MainView.swift in Sources */ = {isa = PBXBuildFile; fileRef = EA4EF6BC2945EA2E008B4E90 /* MainView.swift */; };
		EA4EF6C02945EE3C008B4E90 /* CoverImageView.swift in Sources */ = {isa = PBXBuildFile; fileRef = EA4EF6BF2945EE3C008B4E90 /* CoverImageView.swift */; };
		EA4EF6C32945F9BD008B4E90 /* CoverImage.swift in Sources */ = {isa = PBXBuildFile; fileRef = EA4EF6C22945F9BD008B4E90 /* CoverImage.swift */; };
		EA4EF6C62945FBDF008B4E90 /* Extensions.swift in Sources */ = {isa = PBXBuildFile; fileRef = EA4EF6C52945FBDF008B4E90 /* Extensions.swift */; };
		EA85B05E29462F3B00EB9B65 /* AnimalDetailView.swift in Sources */ = {isa = PBXBuildFile; fileRef = EA85B05D29462F3B00EB9B65 /* AnimalDetailView.swift */; };
		EA85B0602946357400EB9B65 /* HeadingView.swift in Sources */ = {isa = PBXBuildFile; fileRef = EA85B05F2946357400EB9B65 /* HeadingView.swift */; };
		EA85B0622946384B00EB9B65 /* InsetGalleryView.swift in Sources */ = {isa = PBXBuildFile; fileRef = EA85B0612946384B00EB9B65 /* InsetGalleryView.swift */; };
		EAB273F02946041C005019A7 /* AnimalListItemView.swift in Sources */ = {isa = PBXBuildFile; fileRef = EAB273EF2946041C005019A7 /* AnimalListItemView.swift */; };
		EAB273F22946067E005019A7 /* AnimalModel.swift in Sources */ = {isa = PBXBuildFile; fileRef = EAB273F12946067E005019A7 /* AnimalModel.swift */; };
/* End PBXBuildFile section */

/* Begin PBXFileReference section */
		EA4EF6842945DB3B008B4E90 /* Africa app.app */ = {isa = PBXFileReference; explicitFileType = wrapper.application; includeInIndex = 0; path = "Africa app.app"; sourceTree = BUILT_PRODUCTS_DIR; };
		EA4EF6872945DB3B008B4E90 /* Africa_appApp.swift */ = {isa = PBXFileReference; lastKnownFileType = sourcecode.swift; path = Africa_appApp.swift; sourceTree = "<group>"; };
		EA4EF6892945DB3B008B4E90 /* ContentView.swift */ = {isa = PBXFileReference; lastKnownFileType = sourcecode.swift; path = ContentView.swift; sourceTree = "<group>"; };
		EA4EF68B2945DB3D008B4E90 /* Assets.xcassets */ = {isa = PBXFileReference; lastKnownFileType = folder.assetcatalog; path = Assets.xcassets; sourceTree = "<group>"; };
		EA4EF68E2945DB3D008B4E90 /* Preview Assets.xcassets */ = {isa = PBXFileReference; lastKnownFileType = folder.assetcatalog; path = "Preview Assets.xcassets"; sourceTree = "<group>"; };
		EA4EF6972945E5F9008B4E90 /* giraffe.mp4 */ = {isa = PBXFileReference; lastKnownFileType = file; path = giraffe.mp4; sourceTree = "<group>"; };
		EA4EF6982945E5F9008B4E90 /* ostrich.mp4 */ = {isa = PBXFileReference; lastKnownFileType = file; path = ostrich.mp4; sourceTree = "<group>"; };
		EA4EF6992945E5F9008B4E90 /* cheetah.mp4 */ = {isa = PBXFileReference; lastKnownFileType = file; path = cheetah.mp4; sourceTree = "<group>"; };
		EA4EF69A2945E5F9008B4E90 /* elephant.mp4 */ = {isa = PBXFileReference; lastKnownFileType = file; path = elephant.mp4; sourceTree = "<group>"; };
		EA4EF69B2945E5F9008B4E90 /* zebra.mp4 */ = {isa = PBXFileReference; lastKnownFileType = file; path = zebra.mp4; sourceTree = "<group>"; };
		EA4EF69C2945E5F9008B4E90 /* hippo.mp4 */ = {isa = PBXFileReference; lastKnownFileType = file; path = hippo.mp4; sourceTree = "<group>"; };
		EA4EF69D2945E5F9008B4E90 /* rhino.mp4 */ = {isa = PBXFileReference; lastKnownFileType = file; path = rhino.mp4; sourceTree = "<group>"; };
		EA4EF69E2945E5F9008B4E90 /* gorilla.mp4 */ = {isa = PBXFileReference; lastKnownFileType = file; path = gorilla.mp4; sourceTree = "<group>"; };
		EA4EF69F2945E5F9008B4E90 /* lioness.mp4 */ = {isa = PBXFileReference; lastKnownFileType = file; path = lioness.mp4; sourceTree = "<group>"; };
		EA4EF6A02945E5F9008B4E90 /* lion.mp4 */ = {isa = PBXFileReference; lastKnownFileType = file; path = lion.mp4; sourceTree = "<group>"; };
		EA4EF6AC2945E709008B4E90 /* animals.json */ = {isa = PBXFileReference; fileEncoding = 4; lastKnownFileType = text.json; path = animals.json; sourceTree = "<group>"; };
		EA4EF6AD2945E709008B4E90 /* locations.json */ = {isa = PBXFileReference; fileEncoding = 4; lastKnownFileType = text.json; path = locations.json; sourceTree = "<group>"; };
		EA4EF6AE2945E709008B4E90 /* covers.json */ = {isa = PBXFileReference; fileEncoding = 4; lastKnownFileType = text.json; path = covers.json; sourceTree = "<group>"; };
		EA4EF6AF2945E709008B4E90 /* videos.json */ = {isa = PBXFileReference; fileEncoding = 4; lastKnownFileType = text.json; path = videos.json; sourceTree = "<group>"; };
		EA4EF6B42945E823008B4E90 /* Africa-app-Info.plist */ = {isa = PBXFileReference; lastKnownFileType = text.plist; path = "Africa-app-Info.plist"; sourceTree = SOURCE_ROOT; };
		EA4EF6B62945E9D0008B4E90 /* VideoListView.swift */ = {isa = PBXFileReference; lastKnownFileType = sourcecode.swift; path = VideoListView.swift; sourceTree = "<group>"; };
		EA4EF6B82945EA10008B4E90 /* MapView.swift */ = {isa = PBXFileReference; lastKnownFileType = sourcecode.swift; path = MapView.swift; sourceTree = "<group>"; };
		EA4EF6BA2945EA20008B4E90 /* GalleryView.swift */ = {isa = PBXFileReference; lastKnownFileType = sourcecode.swift; path = GalleryView.swift; sourceTree = "<group>"; };
		EA4EF6BC2945EA2E008B4E90 /* MainView.swift */ = {isa = PBXFileReference; lastKnownFileType = sourcecode.swift; path = MainView.swift; sourceTree = "<group>"; };
		EA4EF6BF2945EE3C008B4E90 /* CoverImageView.swift */ = {isa = PBXFileReference; lastKnownFileType = sourcecode.swift; path = CoverImageView.swift; sourceTree = "<group>"; };
		EA4EF6C22945F9BD008B4E90 /* CoverImage.swift */ = {isa = PBXFileReference; lastKnownFileType = sourcecode.swift; path = CoverImage.swift; sourceTree = "<group>"; };
		EA4EF6C52945FBDF008B4E90 /* Extensions.swift */ = {isa = PBXFileReference; lastKnownFileType = sourcecode.swift; path = Extensions.swift; sourceTree = "<group>"; };
		EA85B05D29462F3B00EB9B65 /* AnimalDetailView.swift */ = {isa = PBXFileReference; lastKnownFileType = sourcecode.swift; path = AnimalDetailView.swift; sourceTree = "<group>"; };
		EA85B05F2946357400EB9B65 /* HeadingView.swift */ = {isa = PBXFileReference; lastKnownFileType = sourcecode.swift; path = HeadingView.swift; sourceTree = "<group>"; };
		EA85B0612946384B00EB9B65 /* InsetGalleryView.swift */ = {isa = PBXFileReference; lastKnownFileType = sourcecode.swift; path = InsetGalleryView.swift; sourceTree = "<group>"; };
		EAB273EF2946041C005019A7 /* AnimalListItemView.swift */ = {isa = PBXFileReference; lastKnownFileType = sourcecode.swift; path = AnimalListItemView.swift; sourceTree = "<group>"; };
		EAB273F12946067E005019A7 /* AnimalModel.swift */ = {isa = PBXFileReference; lastKnownFileType = sourcecode.swift; path = AnimalModel.swift; sourceTree = "<group>"; };
/* End PBXFileReference section */

/* Begin PBXFrameworksBuildPhase section */
		EA4EF6812945DB3B008B4E90 /* Frameworks */ = {
			isa = PBXFrameworksBuildPhase;
			buildActionMask = 2147483647;
			files = (
			);
			runOnlyForDeploymentPostprocessing = 0;
		};
/* End PBXFrameworksBuildPhase section */

/* Begin PBXGroup section */
		EA4EF67B2945DB3B008B4E90 = {
			isa = PBXGroup;
			children = (
				EA4EF6862945DB3B008B4E90 /* Africa app */,
				EA4EF6852945DB3B008B4E90 /* Products */,
			);
			sourceTree = "<group>";
		};
		EA4EF6852945DB3B008B4E90 /* Products */ = {
			isa = PBXGroup;
			children = (
				EA4EF6842945DB3B008B4E90 /* Africa app.app */,
			);
			name = Products;
			sourceTree = "<group>";
		};
		EA4EF6862945DB3B008B4E90 /* Africa app */ = {
			isa = PBXGroup;
			children = (
				EA4EF6B52945E9C1008B4E90 /* App */,
				EA4EF6C12945F9AA008B4E90 /* Model */,
				EA4EF6BE2945EE29008B4E90 /* Views */,
				EA4EF6AB2945E6F3008B4E90 /* Data */,
				EA4EF6C42945FBCB008B4E90 /* Extensions */,
				EA4EF6962945E5E0008B4E90 /* Video */,
				EA4EF68B2945DB3D008B4E90 /* Assets.xcassets */,
				EA4EF6B42945E823008B4E90 /* Africa-app-Info.plist */,
				EA4EF68D2945DB3D008B4E90 /* Preview Content */,
			);
			path = "Africa app";
			sourceTree = "<group>";
		};
		EA4EF68D2945DB3D008B4E90 /* Preview Content */ = {
			isa = PBXGroup;
			children = (
				EA4EF68E2945DB3D008B4E90 /* Preview Assets.xcassets */,
			);
			path = "Preview Content";
			sourceTree = "<group>";
		};
		EA4EF6962945E5E0008B4E90 /* Video */ = {
			isa = PBXGroup;
			children = (
				EA4EF6992945E5F9008B4E90 /* cheetah.mp4 */,
				EA4EF69A2945E5F9008B4E90 /* elephant.mp4 */,
				EA4EF6972945E5F9008B4E90 /* giraffe.mp4 */,
				EA4EF69E2945E5F9008B4E90 /* gorilla.mp4 */,
				EA4EF69C2945E5F9008B4E90 /* hippo.mp4 */,
				EA4EF6A02945E5F9008B4E90 /* lion.mp4 */,
				EA4EF69F2945E5F9008B4E90 /* lioness.mp4 */,
				EA4EF6982945E5F9008B4E90 /* ostrich.mp4 */,
				EA4EF69D2945E5F9008B4E90 /* rhino.mp4 */,
				EA4EF69B2945E5F9008B4E90 /* zebra.mp4 */,
			);
			path = Video;
			sourceTree = "<group>";
		};
		EA4EF6AB2945E6F3008B4E90 /* Data */ = {
			isa = PBXGroup;
			children = (
				EA4EF6AC2945E709008B4E90 /* animals.json */,
				EA4EF6AE2945E709008B4E90 /* covers.json */,
				EA4EF6AD2945E709008B4E90 /* locations.json */,
				EA4EF6AF2945E709008B4E90 /* videos.json */,
			);
			path = Data;
			sourceTree = "<group>";
		};
		EA4EF6B52945E9C1008B4E90 /* App */ = {
			isa = PBXGroup;
			children = (
				EA4EF6872945DB3B008B4E90 /* Africa_appApp.swift */,
				EA4EF6892945DB3B008B4E90 /* ContentView.swift */,
				EA4EF6B62945E9D0008B4E90 /* VideoListView.swift */,
				EA4EF6B82945EA10008B4E90 /* MapView.swift */,
				EA4EF6BA2945EA20008B4E90 /* GalleryView.swift */,
				EA4EF6BC2945EA2E008B4E90 /* MainView.swift */,
			);
			path = App;
			sourceTree = "<group>";
		};
		EA4EF6BE2945EE29008B4E90 /* Views */ = {
			isa = PBXGroup;
			children = (
				EA4EF6BF2945EE3C008B4E90 /* CoverImageView.swift */,
				EAB273EF2946041C005019A7 /* AnimalListItemView.swift */,
				EA85B05D29462F3B00EB9B65 /* AnimalDetailView.swift */,
				EA85B05F2946357400EB9B65 /* HeadingView.swift */,
				EA85B0612946384B00EB9B65 /* InsetGalleryView.swift */,
			);
			path = Views;
			sourceTree = "<group>";
		};
		EA4EF6C12945F9AA008B4E90 /* Model */ = {
			isa = PBXGroup;
			children = (
				EA4EF6C22945F9BD008B4E90 /* CoverImage.swift */,
				EAB273F12946067E005019A7 /* AnimalModel.swift */,
			);
			path = Model;
			sourceTree = "<group>";
		};
		EA4EF6C42945FBCB008B4E90 /* Extensions */ = {
			isa = PBXGroup;
			children = (
				EA4EF6C52945FBDF008B4E90 /* Extensions.swift */,
			);
			path = Extensions;
			sourceTree = "<group>";
		};
/* End PBXGroup section */

/* Begin PBXNativeTarget section */
		EA4EF6832945DB3B008B4E90 /* Africa app */ = {
			isa = PBXNativeTarget;
			buildConfigurationList = EA4EF6922945DB3D008B4E90 /* Build configuration list for PBXNativeTarget "Africa app" */;
			buildPhases = (
				EA4EF6802945DB3B008B4E90 /* Sources */,
				EA4EF6812945DB3B008B4E90 /* Frameworks */,
				EA4EF6822945DB3B008B4E90 /* Resources */,
			);
			buildRules = (
			);
			dependencies = (
			);
			name = "Africa app";
			productName = "Africa app";
			productReference = EA4EF6842945DB3B008B4E90 /* Africa app.app */;
			productType = "com.apple.product-type.application";
		};
/* End PBXNativeTarget section */

/* Begin PBXProject section */
		EA4EF67C2945DB3B008B4E90 /* Project object */ = {
			isa = PBXProject;
			attributes = {
				BuildIndependentTargetsInParallel = 1;
				LastSwiftUpdateCheck = 1320;
				LastUpgradeCheck = 1320;
				TargetAttributes = {
					EA4EF6832945DB3B008B4E90 = {
						CreatedOnToolsVersion = 13.2.1;
					};
				};
			};
			buildConfigurationList = EA4EF67F2945DB3B008B4E90 /* Build configuration list for PBXProject "Africa app" */;
			compatibilityVersion = "Xcode 13.0";
			developmentRegion = en;
			hasScannedForEncodings = 0;
			knownRegions = (
				en,
				Base,
			);
			mainGroup = EA4EF67B2945DB3B008B4E90;
			productRefGroup = EA4EF6852945DB3B008B4E90 /* Products */;
			projectDirPath = "";
			projectRoot = "";
			targets = (
				EA4EF6832945DB3B008B4E90 /* Africa app */,
			);
		};
/* End PBXProject section */

/* Begin PBXResourcesBuildPhase section */
		EA4EF6822945DB3B008B4E90 /* Resources */ = {
			isa = PBXResourcesBuildPhase;
			buildActionMask = 2147483647;
			files = (
				EA4EF6B12945E709008B4E90 /* locations.json in Resources */,
				EA4EF6A62945E5F9008B4E90 /* hippo.mp4 in Resources */,
				EA4EF6AA2945E5F9008B4E90 /* lion.mp4 in Resources */,
				EA4EF6A92945E5F9008B4E90 /* lioness.mp4 in Resources */,
				EA4EF68F2945DB3D008B4E90 /* Preview Assets.xcassets in Resources */,
				EA4EF6A82945E5F9008B4E90 /* gorilla.mp4 in Resources */,
				EA4EF6A32945E5F9008B4E90 /* cheetah.mp4 in Resources */,
				EA4EF6A72945E5F9008B4E90 /* rhino.mp4 in Resources */,
				EA4EF6B02945E709008B4E90 /* animals.json in Resources */,
				EA4EF6A42945E5F9008B4E90 /* elephant.mp4 in Resources */,
				EA4EF6B22945E709008B4E90 /* covers.json in Resources */,
				EA4EF68C2945DB3D008B4E90 /* Assets.xcassets in Resources */,
				EA4EF6A22945E5F9008B4E90 /* ostrich.mp4 in Resources */,
				EA4EF6B32945E709008B4E90 /* videos.json in Resources */,
				EA4EF6A52945E5F9008B4E90 /* zebra.mp4 in Resources */,
				EA4EF6A12945E5F9008B4E90 /* giraffe.mp4 in Resources */,
			);
			runOnlyForDeploymentPostprocessing = 0;
		};
/* End PBXResourcesBuildPhase section */

/* Begin PBXSourcesBuildPhase section */
		EA4EF6802945DB3B008B4E90 /* Sources */ = {
			isa = PBXSourcesBuildPhase;
			buildActionMask = 2147483647;
			files = (
				EAB273F22946067E005019A7 /* AnimalModel.swift in Sources */,
				EA4EF68A2945DB3B008B4E90 /* ContentView.swift in Sources */,
				EAB273F02946041C005019A7 /* AnimalListItemView.swift in Sources */,
				EA4EF6C62945FBDF008B4E90 /* Extensions.swift in Sources */,
				EA4EF6BD2945EA2E008B4E90 /* MainView.swift in Sources */,
				EA85B05E29462F3B00EB9B65 /* AnimalDetailView.swift in Sources */,
				EA4EF6C02945EE3C008B4E90 /* CoverImageView.swift in Sources */,
				EA4EF6B92945EA10008B4E90 /* MapView.swift in Sources */,
				EA4EF6882945DB3B008B4E90 /* Africa_appApp.swift in Sources */,
				EA4EF6C32945F9BD008B4E90 /* CoverImage.swift in Sources */,
				EA4EF6B72945E9D0008B4E90 /* VideoListView.swift in Sources */,
				EA85B0622946384B00EB9B65 /* InsetGalleryView.swift in Sources */,
				EA4EF6BB2945EA20008B4E90 /* GalleryView.swift in Sources */,
				EA85B0602946357400EB9B65 /* HeadingView.swift in Sources */,
			);
			runOnlyForDeploymentPostprocessing = 0;
		};
/* End PBXSourcesBuildPhase section */

/* Begin XCBuildConfiguration section */
		EA4EF6902945DB3D008B4E90 /* Debug */ = {
			isa = XCBuildConfiguration;
			buildSettings = {
				ALWAYS_SEARCH_USER_PATHS = NO;
				CLANG_ANALYZER_NONNULL = YES;
				CLANG_ANALYZER_NUMBER_OBJECT_CONVERSION = YES_AGGRESSIVE;
				CLANG_CXX_LANGUAGE_STANDARD = "gnu++17";
				CLANG_CXX_LIBRARY = "libc++";
				CLANG_ENABLE_MODULES = YES;
				CLANG_ENABLE_OBJC_ARC = YES;
				CLANG_ENABLE_OBJC_WEAK = YES;
				CLANG_WARN_BLOCK_CAPTURE_AUTORELEASING = YES;
				CLANG_WARN_BOOL_CONVERSION = YES;
				CLANG_WARN_COMMA = YES;
				CLANG_WARN_CONSTANT_CONVERSION = YES;
				CLANG_WARN_DEPRECATED_OBJC_IMPLEMENTATIONS = YES;
				CLANG_WARN_DIRECT_OBJC_ISA_USAGE = YES_ERROR;
				CLANG_WARN_DOCUMENTATION_COMMENTS = YES;
				CLANG_WARN_EMPTY_BODY = YES;
				CLANG_WARN_ENUM_CONVERSION = YES;
				CLANG_WARN_INFINITE_RECURSION = YES;
				CLANG_WARN_INT_CONVERSION = YES;
				CLANG_WARN_NON_LITERAL_NULL_CONVERSION = YES;
				CLANG_WARN_OBJC_IMPLICIT_RETAIN_SELF = YES;
				CLANG_WARN_OBJC_LITERAL_CONVERSION = YES;
				CLANG_WARN_OBJC_ROOT_CLASS = YES_ERROR;
				CLANG_WARN_QUOTED_INCLUDE_IN_FRAMEWORK_HEADER = YES;
				CLANG_WARN_RANGE_LOOP_ANALYSIS = YES;
				CLANG_WARN_STRICT_PROTOTYPES = YES;
				CLANG_WARN_SUSPICIOUS_MOVE = YES;
				CLANG_WARN_UNGUARDED_AVAILABILITY = YES_AGGRESSIVE;
				CLANG_WARN_UNREACHABLE_CODE = YES;
				CLANG_WARN__DUPLICATE_METHOD_MATCH = YES;
				COPY_PHASE_STRIP = NO;
				DEBUG_INFORMATION_FORMAT = dwarf;
				ENABLE_STRICT_OBJC_MSGSEND = YES;
				ENABLE_TESTABILITY = YES;
				GCC_C_LANGUAGE_STANDARD = gnu11;
				GCC_DYNAMIC_NO_PIC = NO;
				GCC_NO_COMMON_BLOCKS = YES;
				GCC_OPTIMIZATION_LEVEL = 0;
				GCC_PREPROCESSOR_DEFINITIONS = (
					"DEBUG=1",
					"$(inherited)",
				);
				GCC_WARN_64_TO_32_BIT_CONVERSION = YES;
				GCC_WARN_ABOUT_RETURN_TYPE = YES_ERROR;
				GCC_WARN_UNDECLARED_SELECTOR = YES;
				GCC_WARN_UNINITIALIZED_AUTOS = YES_AGGRESSIVE;
				GCC_WARN_UNUSED_FUNCTION = YES;
				GCC_WARN_UNUSED_VARIABLE = YES;
				IPHONEOS_DEPLOYMENT_TARGET = 15.2;
				MTL_ENABLE_DEBUG_INFO = INCLUDE_SOURCE;
				MTL_FAST_MATH = YES;
				ONLY_ACTIVE_ARCH = YES;
				SDKROOT = iphoneos;
				SWIFT_ACTIVE_COMPILATION_CONDITIONS = DEBUG;
				SWIFT_OPTIMIZATION_LEVEL = "-Onone";
			};
			name = Debug;
		};
		EA4EF6912945DB3D008B4E90 /* Release */ = {
			isa = XCBuildConfiguration;
			buildSettings = {
				ALWAYS_SEARCH_USER_PATHS = NO;
				CLANG_ANALYZER_NONNULL = YES;
				CLANG_ANALYZER_NUMBER_OBJECT_CONVERSION = YES_AGGRESSIVE;
				CLANG_CXX_LANGUAGE_STANDARD = "gnu++17";
				CLANG_CXX_LIBRARY = "libc++";
				CLANG_ENABLE_MODULES = YES;
				CLANG_ENABLE_OBJC_ARC = YES;
				CLANG_ENABLE_OBJC_WEAK = YES;
				CLANG_WARN_BLOCK_CAPTURE_AUTORELEASING = YES;
				CLANG_WARN_BOOL_CONVERSION = YES;
				CLANG_WARN_COMMA = YES;
				CLANG_WARN_CONSTANT_CONVERSION = YES;
				CLANG_WARN_DEPRECATED_OBJC_IMPLEMENTATIONS = YES;
				CLANG_WARN_DIRECT_OBJC_ISA_USAGE = YES_ERROR;
				CLANG_WARN_DOCUMENTATION_COMMENTS = YES;
				CLANG_WARN_EMPTY_BODY = YES;
				CLANG_WARN_ENUM_CONVERSION = YES;
				CLANG_WARN_INFINITE_RECURSION = YES;
				CLANG_WARN_INT_CONVERSION = YES;
				CLANG_WARN_NON_LITERAL_NULL_CONVERSION = YES;
				CLANG_WARN_OBJC_IMPLICIT_RETAIN_SELF = YES;
				CLANG_WARN_OBJC_LITERAL_CONVERSION = YES;
				CLANG_WARN_OBJC_ROOT_CLASS = YES_ERROR;
				CLANG_WARN_QUOTED_INCLUDE_IN_FRAMEWORK_HEADER = YES;
				CLANG_WARN_RANGE_LOOP_ANALYSIS = YES;
				CLANG_WARN_STRICT_PROTOTYPES = YES;
				CLANG_WARN_SUSPICIOUS_MOVE = YES;
				CLANG_WARN_UNGUARDED_AVAILABILITY = YES_AGGRESSIVE;
				CLANG_WARN_UNREACHABLE_CODE = YES;
				CLANG_WARN__DUPLICATE_METHOD_MATCH = YES;
				COPY_PHASE_STRIP = NO;
				DEBUG_INFORMATION_FORMAT = "dwarf-with-dsym";
				ENABLE_NS_ASSERTIONS = NO;
				ENABLE_STRICT_OBJC_MSGSEND = YES;
				GCC_C_LANGUAGE_STANDARD = gnu11;
				GCC_NO_COMMON_BLOCKS = YES;
				GCC_WARN_64_TO_32_BIT_CONVERSION = YES;
				GCC_WARN_ABOUT_RETURN_TYPE = YES_ERROR;
				GCC_WARN_UNDECLARED_SELECTOR = YES;
				GCC_WARN_UNINITIALIZED_AUTOS = YES_AGGRESSIVE;
				GCC_WARN_UNUSED_FUNCTION = YES;
				GCC_WARN_UNUSED_VARIABLE = YES;
				IPHONEOS_DEPLOYMENT_TARGET = 15.2;
				MTL_ENABLE_DEBUG_INFO = NO;
				MTL_FAST_MATH = YES;
				SDKROOT = iphoneos;
				SWIFT_COMPILATION_MODE = wholemodule;
				SWIFT_OPTIMIZATION_LEVEL = "-O";
				VALIDATE_PRODUCT = YES;
			};
			name = Release;
		};
		EA4EF6932945DB3D008B4E90 /* Debug */ = {
			isa = XCBuildConfiguration;
			buildSettings = {
				ASSETCATALOG_COMPILER_APPICON_NAME = AppIcon;
				ASSETCATALOG_COMPILER_GLOBAL_ACCENT_COLOR_NAME = AccentColor;
				CODE_SIGN_STYLE = Automatic;
				CURRENT_PROJECT_VERSION = 1;
				DEVELOPMENT_ASSET_PATHS = "\"Africa app/Preview Content\"";
				DEVELOPMENT_TEAM = 245CFNF5C7;
				ENABLE_PREVIEWS = YES;
				GENERATE_INFOPLIST_FILE = YES;
				INFOPLIST_FILE = "Africa-app-Info.plist";
				INFOPLIST_KEY_UIApplicationSceneManifest_Generation = YES;
				INFOPLIST_KEY_UIApplicationSupportsIndirectInputEvents = YES;
				INFOPLIST_KEY_UISupportedInterfaceOrientations_iPad = "UIInterfaceOrientationPortrait UIInterfaceOrientationPortraitUpsideDown UIInterfaceOrientationLandscapeLeft UIInterfaceOrientationLandscapeRight";
				INFOPLIST_KEY_UISupportedInterfaceOrientations_iPhone = "UIInterfaceOrientationPortrait UIInterfaceOrientationLandscapeLeft UIInterfaceOrientationLandscapeRight";
				INFOPLIST_KEY_UIUserInterfaceStyle = Dark;
				LD_RUNPATH_SEARCH_PATHS = (
					"$(inherited)",
					"@executable_path/Frameworks",
				);
				MARKETING_VERSION = 1.0;
				PRODUCT_BUNDLE_IDENTIFIER = "ru.narzikulov-99-mail.Africa-app";
				PRODUCT_NAME = "$(TARGET_NAME)";
				SWIFT_EMIT_LOC_STRINGS = YES;
				SWIFT_VERSION = 5.0;
				TARGETED_DEVICE_FAMILY = "1,2";
			};
			name = Debug;
		};
		EA4EF6942945DB3D008B4E90 /* Release */ = {
			isa = XCBuildConfiguration;
			buildSettings = {
				ASSETCATALOG_COMPILER_APPICON_NAME = AppIcon;
				ASSETCATALOG_COMPILER_GLOBAL_ACCENT_COLOR_NAME = AccentColor;
				CODE_SIGN_STYLE = Automatic;
				CURRENT_PROJECT_VERSION = 1;
				DEVELOPMENT_ASSET_PATHS = "\"Africa app/Preview Content\"";
				DEVELOPMENT_TEAM = 245CFNF5C7;
				ENABLE_PREVIEWS = YES;
				GENERATE_INFOPLIST_FILE = YES;
				INFOPLIST_FILE = "Africa-app-Info.plist";
				INFOPLIST_KEY_UIApplicationSceneManifest_Generation = YES;
				INFOPLIST_KEY_UIApplicationSupportsIndirectInputEvents = YES;
				INFOPLIST_KEY_UISupportedInterfaceOrientations_iPad = "UIInterfaceOrientationPortrait UIInterfaceOrientationPortraitUpsideDown UIInterfaceOrientationLandscapeLeft UIInterfaceOrientationLandscapeRight";
				INFOPLIST_KEY_UISupportedInterfaceOrientations_iPhone = "UIInterfaceOrientationPortrait UIInterfaceOrientationLandscapeLeft UIInterfaceOrientationLandscapeRight";
				INFOPLIST_KEY_UIUserInterfaceStyle = Dark;
				LD_RUNPATH_SEARCH_PATHS = (
					"$(inherited)",
					"@executable_path/Frameworks",
				);
				MARKETING_VERSION = 1.0;
				PRODUCT_BUNDLE_IDENTIFIER = "ru.narzikulov-99-mail.Africa-app";
				PRODUCT_NAME = "$(TARGET_NAME)";
				SWIFT_EMIT_LOC_STRINGS = YES;
				SWIFT_VERSION = 5.0;
				TARGETED_DEVICE_FAMILY = "1,2";
			};
			name = Release;
		};
/* End XCBuildConfiguration section */

/* Begin XCConfigurationList section */
		EA4EF67F2945DB3B008B4E90 /* Build configuration list for PBXProject "Africa app" */ = {
			isa = XCConfigurationList;
			buildConfigurations = (
				EA4EF6902945DB3D008B4E90 /* Debug */,
				EA4EF6912945DB3D008B4E90 /* Release */,
			);
			defaultConfigurationIsVisible = 0;
			defaultConfigurationName = Release;
		};
		EA4EF6922945DB3D008B4E90 /* Build configuration list for PBXNativeTarget "Africa app" */ = {
			isa = XCConfigurationList;
			buildConfigurations = (
				EA4EF6932945DB3D008B4E90 /* Debug */,
				EA4EF6942945DB3D008B4E90 /* Release */,
			);
			defaultConfigurationIsVisible = 0;
			defaultConfigurationName = Release;
		};
/* End XCConfigurationList section */
	};
	rootObject = EA4EF67C2945DB3B008B4E90 /* Project object */;
}
